
Microsoft Visual Studio Solution File, Format Version 12.00
# Visual Studio Version 17
VisualStudioVersion = 17.12.35728.132
MinimumVisualStudioVersion = 10.0.40219.1
Project("{FAE04EC0-301F-11D3-BF4B-00C04F79EFBC}") = "Task1", "MVC_Tasks\Task1.csproj", "{36138D98-B5F7-4E14-B24C-4ACD1F089D88}"
EndProject
Project("{FAE04EC0-301F-11D3-BF4B-00C04F79EFBC}") = "Task2", "Task2\Task2.csproj", "{A7C96F7A-01EE-44E6-ACBF-7E41D9BF92E5}"
EndProject
Project("{FAE04EC0-301F-11D3-BF4B-00C04F79EFBC}") = "Task3", "Task3\Task3.csproj", "{790B0550-7731-4CAE-9B55-65D9004F5535}"
EndProject
Project("{FAE04EC0-301F-11D3-BF4B-00C04F79EFBC}") = "Task4", "Task4\Task4.csproj", "{D7ADB02A-EF94-41C8-8E8B-5267134B92A8}"
EndProject
Project("{FAE04EC0-301F-11D3-BF4B-00C04F79EFBC}") = "Task5", "Task5\Task5.csproj", "{69B88D24-2935-44E2-A635-C95356F4E373}"
EndProject
Global
	GlobalSection(SolutionConfigurationPlatforms) = preSolution
		Debug|Any CPU = Debug|Any CPU
		Release|Any CPU = Release|Any CPU
	EndGlobalSection
	GlobalSection(ProjectConfigurationPlatforms) = postSolution
		{36138D98-B5F7-4E14-B24C-4ACD1F089D88}.Debug|Any CPU.ActiveCfg = Debug|Any CPU
		{36138D98-B5F7-4E14-B24C-4ACD1F089D88}.Debug|Any CPU.Build.0 = Debug|Any CPU
		{36138D98-B5F7-4E14-B24C-4ACD1F089D88}.Release|Any CPU.ActiveCfg = Release|Any CPU
		{36138D98-B5F7-4E14-B24C-4ACD1F089D88}.Release|Any CPU.Build.0 = Release|Any CPU
		{A7C96F7A-01EE-44E6-ACBF-7E41D9BF92E5}.Debug|Any CPU.ActiveCfg = Debug|Any CPU
		{A7C96F7A-01EE-44E6-ACBF-7E41D9BF92E5}.Debug|Any CPU.Build.0 = Debug|Any CPU
		{A7C96F7A-01EE-44E6-ACBF-7E41D9BF92E5}.Release|Any CPU.ActiveCfg = Release|Any CPU
		{A7C96F7A-01EE-44E6-ACBF-7E41D9BF92E5}.Release|Any CPU.Build.0 = Release|Any CPU
		{790B0550-7731-4CAE-9B55-65D9004F5535}.Debug|Any CPU.ActiveCfg = Debug|Any CPU
		{790B0550-7731-4CAE-9B55-65D9004F5535}.Debug|Any CPU.Build.0 = Debug|Any CPU
		{790B0550-7731-4CAE-9B55-65D9004F5535}.Release|Any CPU.ActiveCfg = Release|Any CPU
		{790B0550-7731-4CAE-9B55-65D9004F5535}.Release|Any CPU.Build.0 = Release|Any CPU
		{D7ADB02A-EF94-41C8-8E8B-5267134B92A8}.Debug|Any CPU.ActiveCfg = Debug|Any CPU
		{D7ADB02A-EF94-41C8-8E8B-5267134B92A8}.Debug|Any CPU.Build.0 = Debug|Any CPU
		{D7ADB02A-EF94-41C8-8E8B-5267134B92A8}.Release|Any CPU.ActiveCfg = Release|Any CPU
		{D7ADB02A-EF94-41C8-8E8B-5267134B92A8}.Release|Any CPU.Build.0 = Release|Any CPU
		{69B88D24-2935-44E2-A635-C95356F4E373}.Debug|Any CPU.ActiveCfg = Debug|Any CPU
		{69B88D24-2935-44E2-A635-C95356F4E373}.Debug|Any CPU.Build.0 = Debug|Any CPU
		{69B88D24-2935-44E2-A635-C95356F4E373}.Release|Any CPU.ActiveCfg = Release|Any CPU
		{69B88D24-2935-44E2-A635-C95356F4E373}.Release|Any CPU.Build.0 = Release|Any CPU
	EndGlobalSection
	GlobalSection(SolutionProperties) = preSolution
		HideSolutionNode = FALSE
	EndGlobalSection
EndGlobal
